# This file is generated by running "yarn install" inside your project.
# Manual changes might be lost - proceed with caution!

__metadata:
  version: 8
  cacheKey: 10c0

"@bufbuild/protobuf@npm:^2.0.0":
  version: 2.12.1
  resolution: "@bufbuild/protobuf@npm:2.12.1"
  checksum: 10c0/2d40cfe4ec3bb0e3f06ab2e28771dc5dc566eaacb055fbe893d75621b0407d0272d48f40a490ad47ded839ed541514e1af71bb13af024b3ae36ef0c56d56dda9
  languageName: node
  linkType: hard

"@next/env@npm:14.2.8":
  version: 14.2.8
  resolution: "@next/env@npm:14.2.8"
  checksum: 10c0/8fd09c932ff472c9fd6c58c532f85972b7b0c72ef40bd937034ae34f3ff2692d6c829ef31b30eda761d467b1cd2c7ab7ad31aed829547546483e8beaf6d753f9
  languageName: node
  linkType: hard

"@next/swc-darwin-arm64@npm:14.2.8":
  version: 14.2.8
  resolution: "@next/swc-darwin-arm64@npm:14.2.8"
  conditions: os=darwin & cpu=arm64
  languageName: node
  linkType: hard

"@next/swc-darwin-x64@npm:14.2.8":
  version: 14.2.8
  resolution: "@next/swc-darwin-x64@npm:14.2.8"
  conditions: os=darwin & cpu=x64
  languageName: node
  linkType: hard

"@next/swc-linux-arm64-gnu@npm:14.2.8":
  version: 14.2.8
  resolution: "@next/swc-linux-arm64-gnu@npm:14.2.8"
  conditions: os=linux & cpu=arm64 & libc=glibc
  languageName: node
  linkType: hard

"@next/swc-linux-arm64-musl@npm:14.2.8":
  version: 14.2.8
  resolution: "@next/swc-linux-arm64-musl@npm:14.2.8"
  conditions: os=linux & cpu=arm64 & libc=musl
  languageName: node
  linkType: hard

"@next/swc-linux-x64-gnu@npm:14.2.8":
  version: 14.2.8
  resolution: "@next/swc-linux-x64-gnu@npm:14.2.8"
  conditions: os=linux & cpu=x64 & libc=glibc
  languageName: node
  linkType: hard

"@next/swc-linux-x64-musl@npm:14.2.8":
  version: 14.2.8
  resolution: "@next/swc-linux-x64-musl@npm:14.2.8"
  conditions: os=linux & cpu=x64 & libc=musl
  languageName: node
  linkType: hard

"@next/swc-win32-arm64-msvc@npm:14.2.8":
  version: 14.2.8
  resolution: "@next/swc-win32-arm64-msvc@npm:14.2.8"
  conditions: os=win32 & cpu=arm64
  languageName: node
  linkType: hard

"@next/swc-win32-ia32-msvc@npm:14.2.8":
  version: 14.2.8
  resolution: "@next/swc-win32-ia32-msvc@npm:14.2.8"
  conditions: os=win32 & cpu=ia32
  languageName: node
  linkType: hard

"@next/swc-win32-x64-msvc@npm:14.2.8":
  version: 14.2.8
  resolution: "@next/swc-win32-x64-msvc@npm:14.2.8"
  conditions: os=win32 & cpu=x64
  languageName: node
  linkType: hard

"@swc/counter@npm:^0.1.3":
  version: 0.1.3
  resolution: "@swc/counter@npm:0.1.3"
  checksum: 10c0/8424f60f6bf8694cfd2a9bca45845bce29f26105cda8cf19cdb9fd3e78dc6338699e4db77a89ae449260bafa1cc6bec307e81e7fb96dbf7dcfce0eea55151356
  languageName: node
  linkType: hard

"@swc/helpers@npm:0.5.5":
  version: 0.5.5
  resolution: "@swc/helpers@npm:0.5.5"
  dependencies:
    "@swc/counter": "npm:^0.1.3"
    tslib: "npm:^2.4.0"
  checksum: 10c0/21a9b9cfe7e00865f9c9f3eb4c1cc5b397143464f7abee76a2c5366e591e06b0155b5aac93fe8269ef8d548df253f6fd931e9ddfc0fd12efd405f90f45506e7d
  languageName: node
  linkType: hard

"buffer-builder@npm:^0.2.0":
  version: 0.2.0
  resolution: "buffer-builder@npm:0.2.0"
  checksum: 10c0/e50c3a379f4acaea75ade1ee3e8c07ed6d7c5dfc3f98adbcf0159bfe1a4ce8ca1fe3689e861fcdb3fcef0012ebd4345a6112a5b8a1185295452bb66d7b6dc8a1
  languageName: node
  linkType: hard

"busboy@npm:1.6.0":
  version: 1.6.0
  resolution: "busboy@npm:1.6.0"
  dependencies:
    streamsearch: "npm:^1.1.0"
  checksum: 10c0/fa7e836a2b82699b6e074393428b91ae579d4f9e21f5ac468e1b459a244341d722d2d22d10920cdd849743dbece6dca11d72de939fb75a7448825cf2babfba1f
  languageName: node
  linkType: hard

"caniuse-lite@npm:^1.0.30001579":
  version: 1.0.30001806
  resolution: "caniuse-lite@npm:1.0.30001806"
  checksum: 10c0/9442c8afff0968e9b2ce0104a7340c1ce4a5c09f469ccb9eef10d25712ea0afe542486e5318c697c70dd502f988cfc04eaa1c9438c92ac3bcf4d708a2a17bee1
  languageName: node
  linkType: hard

"client-only@npm:0.0.1":
  version: 0.0.1
  resolution: "client-only@npm:0.0.1"
  checksum: 10c0/9d6cfd0c19e1c96a434605added99dff48482152af791ec4172fb912a71cff9027ff174efd8cdb2160cc7f377543e0537ffc462d4f279bc4701de3f2a3c4b358
  languageName: node
  linkType: hard

"colorjs.io@npm:^0.5.0":
  version: 0.5.2
  resolution: "colorjs.io@npm:0.5.2"
  checksum: 10c0/2e6ea43629e325e721b92429239de3a6f42fb6d88ba6e4c2aeff0288c196d876f2f7ee82aea95bd40072d5cdc8cb87f042f4d94c134dcabf0e34a717e4caacb9
  languageName: node
  linkType: hard

"graceful-fs@npm:^4.2.11":
  version: 4.2.11
  resolution: "graceful-fs@npm:4.2.11"
  checksum: 10c0/386d011a553e02bc594ac2ca0bd6d9e4c22d7fa8cfbfc448a6d148c59ea881b092db9dbe3547ae4b88e55f1b01f7c4a2ecc53b310c042793e63aa44cf6c257f2
  languageName: node
  linkType: hard

"has-flag@npm:^4.0.0":
  version: 4.0.0
  resolution: "has-flag@npm:4.0.0"
  checksum: 10c0/2e789c61b7888d66993e14e8331449e525ef42aac53c627cc53d1c3334e768bcb6abdc4f5f0de1478a25beec6f0bd62c7549058b7ac53e924040d4f301f02fd1
  languageName: node
  linkType: hard

"immutable@npm:^4.0.0":
  version: 4.3.9
  resolution: "immutable@npm:4.3.9"
  checksum: 10c0/394faa90ac8f2f62824e6c639705efdb8313787d6bc7864e28a48ee36aa2ba4b724eaf54a701ad991c278967a412b09143dd24fd19e3e2b0204eb481a5afa6ef
  languageName: node
  linkType: hard

"js-tokens@npm:^3.0.0 || ^4.0.0":
  version: 4.0.0
  resolution: "js-tokens@npm:4.0.0"
  checksum: 10c0/e248708d377aa058eacf2037b07ded847790e6de892bbad3dac0abba2e759cb9f121b00099a65195616badcb6eca8d14d975cb3e89eb1cfda644756402c8aeed
  languageName: node
  linkType: hard

"loose-envify@npm:^1.1.0":
  version: 1.4.0
  resolution: "loose-envify@npm:1.4.0"
  dependencies:
    js-tokens: "npm:^3.0.0 || ^4.0.0"
  bin:
    loose-envify: cli.js
  checksum: 10c0/655d110220983c1a4b9c0c679a2e8016d4b67f6e9c7b5435ff5979ecdb20d0813f4dec0a08674fcbdd4846a3f07edbb50a36811fd37930b94aaa0d9daceb017e
  languageName: node
  linkType: hard

"nanoid@npm:^3.3.6":
  version: 3.3.16
  resolution: "nanoid@npm:3.3.16"
  bin:
    nanoid: bin/nanoid.cjs
  checksum: 10c0/bbf2dcffe22d2b62d16de2711752070b539c0f644c7916f823ad6521986b2078cbe524f2d6240f58c46e9141ea0c7b87a029e100c0f7f175228cacaf30e41bba
  languageName: node
  linkType: hard

"next-70020-sass-embedded-pnp-repro@workspace:.":
  version: 0.0.0-use.local
  resolution: "next-70020-sass-embedded-pnp-repro@workspace:."
  dependencies:
    next: "npm:14.2.8"
    react: "npm:18.3.1"
    react-dom: "npm:18.3.1"
    sass-embedded: "npm:1.79.3"
  languageName: unknown
  linkType: soft

"next@npm:14.2.8":
  version: 14.2.8
  resolution: "next@npm:14.2.8"
  dependencies:
    "@next/env": "npm:14.2.8"
    "@next/swc-darwin-arm64": "npm:14.2.8"
    "@next/swc-darwin-x64": "npm:14.2.8"
    "@next/swc-linux-arm64-gnu": "npm:14.2.8"
    "@next/swc-linux-arm64-musl": "npm:14.2.8"
    "@next/swc-linux-x64-gnu": "npm:14.2.8"
    "@next/swc-linux-x64-musl": "npm:14.2.8"
    "@next/swc-win32-arm64-msvc": "npm:14.2.8"
    "@next/swc-win32-ia32-msvc": "npm:14.2.8"
    "@next/swc-win32-x64-msvc": "npm:14.2.8"
    "@swc/helpers": "npm:0.5.5"
    busboy: "npm:1.6.0"
    caniuse-lite: "npm:^1.0.30001579"
    graceful-fs: "npm:^4.2.11"
    postcss: "npm:8.4.31"
    styled-jsx: "npm:5.1.1"
  peerDependencies:
    "@opentelemetry/api": ^1.1.0
    "@playwright/test": ^1.41.2
    react: ^18.2.0
    react-dom: ^18.2.0
    sass: ^1.3.0
  dependenciesMeta:
    "@next/swc-darwin-arm64":
      optional: true
    "@next/swc-darwin-x64":
      optional: true
    "@next/swc-linux-arm64-gnu":
      optional: true
    "@next/swc-linux-arm64-musl":
      optional: true
    "@next/swc-linux-x64-gnu":
      optional: true
    "@next/swc-linux-x64-musl":
      optional: true
    "@next/swc-win32-arm64-msvc":
      optional: true
    "@next/swc-win32-ia32-msvc":
      optional: true
    "@next/swc-win32-x64-msvc":
      optional: true
  peerDependenciesMeta:
    "@opentelemetry/api":
      optional: true
    "@playwright/test":
      optional: true
    sass:
      optional: true
  bin:
    next: dist/bin/next
  checksum: 10c0/ceead5258f80dc2a4e911cb3e8c224ce5487c726587a79ea0a510192305f2e66a17a002841c3c0b195fd568c9a35160f563042417d3807eb5f6538c7630615de
  languageName: node
  linkType: hard

"picocolors@npm:^1.0.0":
  version: 1.1.1
  resolution: "picocolors@npm:1.1.1"
  checksum: 10c0/e2e3e8170ab9d7c7421969adaa7e1b31434f789afb9b3f115f6b96d91945041ac3ceb02e9ec6fe6510ff036bcc0bf91e69a1772edc0b707e12b19c0f2d6bcf58
  languageName: node
  linkType: hard

"postcss@npm:8.4.31":
  version: 8.4.31
  resolution: "postcss@npm:8.4.31"
  dependencies:
    nanoid: "npm:^3.3.6"
    picocolors: "npm:^1.0.0"
    source-map-js: "npm:^1.0.2"
  checksum: 10c0/748b82e6e5fc34034dcf2ae88ea3d11fd09f69b6c50ecdd3b4a875cfc7cdca435c958b211e2cb52355422ab6fccb7d8f2f2923161d7a1b281029e4a913d59acf
  languageName: node
  linkType: hard

"react-dom@npm:18.3.1":
  version: 18.3.1
  resolution: "react-dom@npm:18.3.1"
  dependencies:
    loose-envify: "npm:^1.1.0"
    scheduler: "npm:^0.23.2"
  peerDependencies:
    react: ^18.3.1
  checksum: 10c0/a752496c1941f958f2e8ac56239172296fcddce1365ce45222d04a1947e0cc5547df3e8447f855a81d6d39f008d7c32eab43db3712077f09e3f67c4874973e85
  languageName: node
  linkType: hard

"react@npm:18.3.1":
  version: 18.3.1
  resolution: "react@npm:18.3.1"
  dependencies:
    loose-envify: "npm:^1.1.0"
  checksum: 10c0/283e8c5efcf37802c9d1ce767f302dd569dd97a70d9bb8c7be79a789b9902451e0d16334b05d73299b20f048cbc3c7d288bbbde10b701fa194e2089c237dbea3
  languageName: node
  linkType: hard

"rxjs@npm:^7.4.0":
  version: 7.8.2
  resolution: "rxjs@npm:7.8.2"
  dependencies:
    tslib: "npm:^2.1.0"
  checksum: 10c0/1fcd33d2066ada98ba8f21fcbbcaee9f0b271de1d38dc7f4e256bfbc6ffcdde68c8bfb69093de7eeb46f24b1fb820620bf0223706cff26b4ab99a7ff7b2e2c45
  languageName: node
  linkType: hard

"sass-embedded-android-arm64@npm:1.79.3":
  version: 1.79.3
  resolution: "sass-embedded-android-arm64@npm:1.79.3"
  conditions: os=android & cpu=arm64
  languageName: node
  linkType: hard

"sass-embedded-android-arm@npm:1.79.3":
  version: 1.79.3
  resolution: "sass-embedded-android-arm@npm:1.79.3"
  conditions: os=android & cpu=arm
  languageName: node
  linkType: hard

"sass-embedded-android-ia32@npm:1.79.3":
  version: 1.79.3
  resolution: "sass-embedded-android-ia32@npm:1.79.3"
  conditions: os=android & cpu=ia32
  languageName: node
  linkType: hard

"sass-embedded-android-riscv64@npm:1.79.3":
  version: 1.79.3
  resolution: "sass-embedded-android-riscv64@npm:1.79.3"
  conditions: os=android & cpu=riscv64
  languageName: node
  linkType: hard

"sass-embedded-android-x64@npm:1.79.3":
  version: 1.79.3
  resolution: "sass-embedded-android-x64@npm:1.79.3"
  conditions: os=android & cpu=x64
  languageName: node
  linkType: hard

"sass-embedded-darwin-arm64@npm:1.79.3":
  version: 1.79.3
  resolution: "sass-embedded-darwin-arm64@npm:1.79.3"
  conditions: os=darwin & cpu=arm64
  languageName: node
  linkType: hard

"sass-embedded-darwin-x64@npm:1.79.3":
  version: 1.79.3
  resolution: "sass-embedded-darwin-x64@npm:1.79.3"
  conditions: os=darwin & cpu=x64
  languageName: node
  linkType: hard

"sass-embedded-linux-arm64@npm:1.79.3":
  version: 1.79.3
  resolution: "sass-embedded-linux-arm64@npm:1.79.3"
  conditions: os=linux & cpu=arm64
  languageName: node
  linkType: hard

"sass-embedded-linux-arm@npm:1.79.3":
  version: 1.79.3
  resolution: "sass-embedded-linux-arm@npm:1.79.3"
  conditions: os=linux & cpu=arm
  languageName: node
  linkType: hard

"sass-embedded-linux-ia32@npm:1.79.3":
  version: 1.79.3
  resolution: "sass-embedded-linux-ia32@npm:1.79.3"
  conditions: os=linux & cpu=ia32
  languageName: node
  linkType: hard

"sass-embedded-linux-musl-arm64@npm:1.79.3":
  version: 1.79.3
  resolution: "sass-embedded-linux-musl-arm64@npm:1.79.3"
  conditions: os=linux & cpu=arm64
  languageName: node
  linkType: hard

"sass-embedded-linux-musl-arm@npm:1.79.3":
  version: 1.79.3
  resolution: "sass-embedded-linux-musl-arm@npm:1.79.3"
  conditions: os=linux & cpu=arm
  languageName: node
  linkType: hard

"sass-embedded-linux-musl-ia32@npm:1.79.3":
  version: 1.79.3
  resolution: "sass-embedded-linux-musl-ia32@npm:1.79.3"
  conditions: os=linux & cpu=ia32
  languageName: node
  linkType: hard

"sass-embedded-linux-musl-riscv64@npm:1.79.3":
  version: 1.79.3
  resolution: "sass-embedded-linux-musl-riscv64@npm:1.79.3"
  conditions: os=linux & cpu=riscv64
  languageName: node
  linkType: hard

"sass-embedded-linux-musl-x64@npm:1.79.3":
  version: 1.79.3
  resolution: "sass-embedded-linux-musl-x64@npm:1.79.3"
  conditions: os=linux & cpu=x64
  languageName: node
  linkType: hard

"sass-embedded-linux-riscv64@npm:1.79.3":
  version: 1.79.3
  resolution: "sass-embedded-linux-riscv64@npm:1.79.3"
  conditions: os=linux & cpu=riscv64
  languageName: node
  linkType: hard

"sass-embedded-linux-x64@npm:1.79.3":
  version: 1.79.3
  resolution: "sass-embedded-linux-x64@npm:1.79.3"
  conditions: os=linux & cpu=x64
  languageName: node
  linkType: hard

"sass-embedded-win32-arm64@npm:1.79.3":
  version: 1.79.3
  resolution: "sass-embedded-win32-arm64@npm:1.79.3"
  conditions: os=win32 & cpu=arm64
  languageName: node
  linkType: hard

"sass-embedded-win32-ia32@npm:1.79.3":
  version: 1.79.3
  resolution: "sass-embedded-win32-ia32@npm:1.79.3"
  conditions: os=win32 & cpu=ia32
  languageName: node
  linkType: hard

"sass-embedded-win32-x64@npm:1.79.3":
  version: 1.79.3
  resolution: "sass-embedded-win32-x64@npm:1.79.3"
  conditions: os=win32 & cpu=x64
  languageName: node
  linkType: hard

"sass-embedded@npm:1.79.3":
  version: 1.79.3
  resolution: "sass-embedded@npm:1.79.3"
  dependencies:
    "@bufbuild/protobuf": "npm:^2.0.0"
    buffer-builder: "npm:^0.2.0"
    colorjs.io: "npm:^0.5.0"
    immutable: "npm:^4.0.0"
    rxjs: "npm:^7.4.0"
    sass-embedded-android-arm: "npm:1.79.3"
    sass-embedded-android-arm64: "npm:1.79.3"
    sass-embedded-android-ia32: "npm:1.79.3"
    sass-embedded-android-riscv64: "npm:1.79.3"
    sass-embedded-android-x64: "npm:1.79.3"
    sass-embedded-darwin-arm64: "npm:1.79.3"
    sass-embedded-darwin-x64: "npm:1.79.3"
    sass-embedded-linux-arm: "npm:1.79.3"
    sass-embedded-linux-arm64: "npm:1.79.3"
    sass-embedded-linux-ia32: "npm:1.79.3"
    sass-embedded-linux-musl-arm: "npm:1.79.3"
    sass-embedded-linux-musl-arm64: "npm:1.79.3"
    sass-embedded-linux-musl-ia32: "npm:1.79.3"
    sass-embedded-linux-musl-riscv64: "npm:1.79.3"
    sass-embedded-linux-musl-x64: "npm:1.79.3"
    sass-embedded-linux-riscv64: "npm:1.79.3"
    sass-embedded-linux-x64: "npm:1.79.3"
    sass-embedded-win32-arm64: "npm:1.79.3"
    sass-embedded-win32-ia32: "npm:1.79.3"
    sass-embedded-win32-x64: "npm:1.79.3"
    supports-color: "npm:^8.1.1"
    varint: "npm:^6.0.0"
  dependenciesMeta:
    sass-embedded-android-arm:
      optional: true
    sass-embedded-android-arm64:
      optional: true
    sass-embedded-android-ia32:
      optional: true
    sass-embedded-android-riscv64:
      optional: true
    sass-embedded-android-x64:
      optional: true
    sass-embedded-darwin-arm64:
      optional: true
    sass-embedded-darwin-x64:
      optional: true
    sass-embedded-linux-arm:
      optional: true
    sass-embedded-linux-arm64:
      optional: true
    sass-embedded-linux-ia32:
      optional: true
    sass-embedded-linux-musl-arm:
      optional: true
    sass-embedded-linux-musl-arm64:
      optional: true
    sass-embedded-linux-musl-ia32:
      optional: true
    sass-embedded-linux-musl-riscv64:
      optional: true
    sass-embedded-linux-musl-x64:
      optional: true
    sass-embedded-linux-riscv64:
      optional: true
    sass-embedded-linux-x64:
      optional: true
    sass-embedded-win32-arm64:
      optional: true
    sass-embedded-win32-ia32:
      optional: true
    sass-embedded-win32-x64:
      optional: true
  bin:
    sass: dist/bin/sass.js
  checksum: 10c0/2fdb3c7fbc46a731a02cb3c0f3d60919d3264e54a240ae73f88c42dfe766b69d7e6f6282c47748f0c0d971537b33dfdbfbbdde220a666ec13def1c7a2a34b6e5
  languageName: node
  linkType: hard

"scheduler@npm:^0.23.2":
  version: 0.23.2
  resolution: "scheduler@npm:0.23.2"
  dependencies:
    loose-envify: "npm:^1.1.0"
  checksum: 10c0/26383305e249651d4c58e6705d5f8425f153211aef95f15161c151f7b8de885f24751b377e4a0b3dd42cce09aad3f87a61dab7636859c0d89b7daf1a1e2a5c78
  languageName: node
  linkType: hard

"source-map-js@npm:^1.0.2":
  version: 1.2.1
  resolution: "source-map-js@npm:1.2.1"
  checksum: 10c0/7bda1fc4c197e3c6ff17de1b8b2c20e60af81b63a52cb32ec5a5d67a20a7d42651e2cb34ebe93833c5a2a084377e17455854fee3e21e7925c64a51b6a52b0faf
  languageName: node
  linkType: hard

"streamsearch@npm:^1.1.0":
  version: 1.1.0
  resolution: "streamsearch@npm:1.1.0"
  checksum: 10c0/fbd9aecc2621364384d157f7e59426f4bfd385e8b424b5aaa79c83a6f5a1c8fd2e4e3289e95de1eb3511cb96bb333d6281a9919fafce760e4edb35b2cd2facab
  languageName: node
  linkType: hard

"styled-jsx@npm:5.1.1":
  version: 5.1.1
  resolution: "styled-jsx@npm:5.1.1"
  dependencies:
    client-only: "npm:0.0.1"
  peerDependencies:
    react: ">= 16.8.0 || 17.x.x || ^18.0.0-0"
  peerDependenciesMeta:
    "@babel/core":
      optional: true
    babel-plugin-macros:
      optional: true
  checksum: 10c0/42655cdadfa5388f8a48bb282d6b450df7d7b8cf066ac37038bd0499d3c9f084815ebd9ff9dfa12a218fd4441338851db79603498d7557207009c1cf4d609835
  languageName: node
  linkType: hard

"supports-color@npm:^8.1.1":
  version: 8.1.1
  resolution: "supports-color@npm:8.1.1"
  dependencies:
    has-flag: "npm:^4.0.0"
  checksum: 10c0/ea1d3c275dd604c974670f63943ed9bd83623edc102430c05adb8efc56ba492746b6e95386e7831b872ec3807fd89dd8eb43f735195f37b5ec343e4234cc7e89
  languageName: node
  linkType: hard

"tslib@npm:^2.1.0, tslib@npm:^2.4.0":
  version: 2.8.1
  resolution: "tslib@npm:2.8.1"
  checksum: 10c0/9c4759110a19c53f992d9aae23aac5ced636e99887b51b9e61def52611732872ff7668757d4e4c61f19691e36f4da981cd9485e869b4a7408d689f6bf1f14e62
  languageName: node
  linkType: hard

"varint@npm:^6.0.0":
  version: 6.0.0
  resolution: "varint@npm:6.0.0"
  checksum: 10c0/737fc37088a62ed3bd21466e318d21ca7ac4991d0f25546f518f017703be4ed0f9df1c5559f1dd533dddba4435a1b758fd9230e4772c1a930ef72b42f5c750fd
  languageName: node
  linkType: hard
